{
    "_readme": [
        "This file locks the dependencies of your project to a known state",
        "Read more about it at https://getcomposer.org/doc/01-basic-usage.md#composer-lock-the-lock-file",
        "This file is @generated automatically"
    ],
    "content-hash": "ff521829894c9cec97d78f9c9aefa530",
    "packages": [
        {
            "name": "org.majkel/dbase",
            "version": "1.1.7",
            "source": {
                "type": "git",
                "url": "https://github.com/majkel89/dbase.git",
                "reference": "f13207172916cc4b0e248d2cafd4e4ef13877885"
            },
            "dist": {
                "type": "zip",
                "url": "https://api.github.com/repos/majkel89/dbase/zipball/f13207172916cc4b0e248d2cafd4e4ef13877885",
                "reference": "f13207172916cc4b0e248d2cafd4e4ef13877885",
                "shasum": ""
            },
            "require": {
                "php": ">=5.3"
            },
            "require-dev": {
                "athletic/athletic": "^0.1.8",
                "ext-iconv": "*",
                "phpunit/phpunit": "4.*",
                "ptrofimov/xpmock": "1.*",
                "squizlabs/php_codesniffer": "2.*",
                "symfony/yaml": "~2.1"
            },
            "suggest": {
                "ext-iconv": "CharsetFilter will not work without it"
            },
            "type": "library",
            "autoload": {
                "psr-4": {
                    "org\\majkel\\dbase\\": "src/",
                    "org\\majkel\\dbase\\tests\\": "tests/",
                    "org\\majkel\\dbase\\benchmarks\\": "benchmarks/"
                }
            },
            "notification-url": "https://packagist.org/downloads/",
            "license": [
                "MIT"
            ],
            "authors": [
                {
                    "name": "majkel",
                    "email": "maf.michal@gmail.com",
                    "homepage": "https://github.com/majkel89",
                    "role": "Developer"
                },
                {
                    "name": "Tomáš Prokop",
                    "homepage": "https://github.com/naril",
                    "role": "Developer"
                }
            ],
            "description": "Library to access dbase / xbase / dbf database files",
            "homepage": "https://github.com/majkel89",
            "keywords": [
                "dbase",
                "dbf",
                "xbase"
            ],
            "time": "2018-09-15T21:54:01+00:00"
        }
    ],
    "packages-dev": [],
    "aliases": [],
    "minimum-stability": "stable",
    "stability-flags": [],
    "prefer-stable": false,
    "prefer-lowest": false,
    "platform": [],
    "platform-dev": []
}
